
Microsoft Visual Studio Solution File, Format Version 12.00
# Visual Studio Version 17
VisualStudioVersion = 17.14.36623.8 d17.14
MinimumVisualStudioVersion = 10.0.40219.1
Project("{FAE04EC0-301F-11D3-BF4B-00C04F79EFBC}") = "MyVisionDemo", "MyVisionDemo.csproj", "{A706E105-337A-4449-9B96-EEEC54EB5E36}"
EndProject
Global
	GlobalSection(SolutionConfigurationPlatforms) = preSolution
		Debug|Any CPU = Debug|Any CPU
		Release|Any CPU = Release|Any CPU
	EndGlobalSection
	GlobalSection(ProjectConfigurationPlatforms) = postSolution
		{A706E105-337A-4449-9B96-EEEC54EB5E36}.Debug|Any CPU.ActiveCfg = Debug|Any CPU
		{A706E105-337A-4449-9B96-EEEC54EB5E36}.Debug|Any CPU.Build.0 = Debug|Any CPU
		{A706E105-337A-4449-9B96-EEEC54EB5E36}.Release|Any CPU.ActiveCfg = Release|Any CPU
		{A706E105-337A-4449-9B96-EEEC54EB5E36}.Release|Any CPU.Build.0 = Release|Any CPU
	EndGlobalSection
	GlobalSection(SolutionProperties) = preSolution
		HideSolutionNode = FALSE
	EndGlobalSection
	GlobalSection(ExtensibilityGlobals) = postSolution
		SolutionGuid = {DB71774C-FC01-4411-A6FD-F89DCE8D8E22}
	EndGlobalSection
EndGlobal
